PODS:
  - AudioKit (4.10.1):
    - AudioKit/Core (= 4.10.1)
    - AudioKit/UI (= 4.10.1)
  - AudioKit/Core (4.10.1)
  - AudioKit/UI (4.10.1):
    - AudioKit/Core
  - PryntTrimmerView (4.0.0)
  - SnapKit (5.0.1)
  - SteviaLayout (4.7.3)
  - YPImagePicker (4.3.1):
    - PryntTrimmerView (~> 4.0.0)
    - SteviaLayout (~> 4.7.3)

DEPENDENCIES:
  - AudioKit (~> 4.0)
  - SnapKit
  - YPImagePicker

SPEC REPOS:
  https://github.com/cocoapods/specs.git:
    - AudioKit
    - PryntTrimmerView
    - SnapKit
    - SteviaLayout
    - YPImagePicker

SPEC CHECKSUMS:
  AudioKit: b8e508a0af3dc7d53caf0ca1002b187a662f949e
  PryntTrimmerView: 67e67573ffd4c073f1308effa66aefd0cfa667a0
  SnapKit: 97b92857e3df3a0c71833cce143274bf6ef8e5eb
  SteviaLayout: c2ecdcff57d44e38fd2f65e54ad52aeae28ca0c4
  YPImagePicker: 08bbb809ed62bf4149fc015c97249eb4b9463ff9

PODFILE CHECKSUM: 05b695dac8911c8236a7692c74e3d0934981e04b

COCOAPODS: 1.5.3
